
Microsoft Visual Studio Solution File, Format Version 12.00
# Visual Studio Version 17
VisualStudioVersion = 17.13.35828.75 d17.13
MinimumVisualStudioVersion = 10.0.40219.1
Project("{FAE04EC0-301F-11D3-BF4B-00C04F79EFBC}") = "demoApplication", "demoApplication.csproj", "{E06CC547-3403-45F9-AE04-B8E014C202BC}"
EndProject
Global
	GlobalSection(SolutionConfigurationPlatforms) = preSolution
		Debug|Any CPU = Debug|Any CPU
		Release|Any CPU = Release|Any CPU
	EndGlobalSection
	GlobalSection(ProjectConfigurationPlatforms) = postSolution
		{E06CC547-3403-45F9-AE04-B8E014C202BC}.Debug|Any CPU.ActiveCfg = Debug|Any CPU
		{E06CC547-3403-45F9-AE04-B8E014C202BC}.Debug|Any CPU.Build.0 = Debug|Any CPU
		{E06CC547-3403-45F9-AE04-B8E014C202BC}.Release|Any CPU.ActiveCfg = Release|Any CPU
		{E06CC547-3403-45F9-AE04-B8E014C202BC}.Release|Any CPU.Build.0 = Release|Any CPU
	EndGlobalSection
	GlobalSection(SolutionProperties) = preSolution
		HideSolutionNode = FALSE
	EndGlobalSection
	GlobalSection(ExtensibilityGlobals) = postSolution
		SolutionGuid = {F5F17E23-41BB-4F81-935C-49671C43B5FD}
	EndGlobalSection
EndGlobal
